
Microsoft Visual Studio Solution File, Format Version 12.00
# Visual Studio Version 17
VisualStudioVersion = 17.7.34031.279
MinimumVisualStudioVersion = 10.0.40219.1
Project("{FAE04EC0-301F-11D3-BF4B-00C04F79EFBC}") = "TrafficLightSimulator", "TrafficLightSimulator\TrafficLightSimulator.csproj", "{38EF929A-9446-4DBD-A6ED-16DAC14FCCFC}"
EndProject
Global
	GlobalSection(SolutionConfigurationPlatforms) = preSolution
		Debug|Any CPU = Debug|Any CPU
		Release|Any CPU = Release|Any CPU
	EndGlobalSection
	GlobalSection(ProjectConfigurationPlatforms) = postSolution
		{38EF929A-9446-4DBD-A6ED-16DAC14FCCFC}.Debug|Any CPU.ActiveCfg = Debug|Any CPU
		{38EF929A-9446-4DBD-A6ED-16DAC14FCCFC}.Debug|Any CPU.Build.0 = Debug|Any CPU
		{38EF929A-9446-4DBD-A6ED-16DAC14FCCFC}.Release|Any CPU.ActiveCfg = Release|Any CPU
		{38EF929A-9446-4DBD-A6ED-16DAC14FCCFC}.Release|Any CPU.Build.0 = Release|Any CPU
	EndGlobalSection
	GlobalSection(SolutionProperties) = preSolution
		HideSolutionNode = FALSE
	EndGlobalSection
	GlobalSection(ExtensibilityGlobals) = postSolution
		SolutionGuid = {90E36AF9-46C8-4C7F-B4C3-C99444C526B9}
	EndGlobalSection
EndGlobal
